
Microsoft Visual Studio Solution File, Format Version 12.00
# Visual Studio Version 17
VisualStudioVersion = 17.11.35222.181
MinimumVisualStudioVersion = 10.0.40219.1
Project("{FAE04EC0-301F-11D3-BF4B-00C04F79EFBC}") = "ChozaGamer.Presentation", "ChozaGamer.Presentation\ChozaGamer.Presentation.csproj", "{967086B6-7D10-4FC5-948C-16EDFE5A6A7A}"
EndProject
Project("{FAE04EC0-301F-11D3-BF4B-00C04F79EFBC}") = "ChozaGamer.DataAccess", "ChozaGamer.DataAccess\ChozaGamer.DataAccess.csproj", "{A9C854DD-AF7A-45A3-B1D7-20AB11FAB3EA}"
EndProject
Project("{FAE04EC0-301F-11D3-BF4B-00C04F79EFBC}") = "ChozaGamer.Business", "ChozaGamer.Business\ChozaGamer.Business.csproj", "{ABC687C8-9E91-421B-813C-95DE56178997}"
EndProject
Global
	GlobalSection(SolutionConfigurationPlatforms) = preSolution
		Debug|Any CPU = Debug|Any CPU
		Release|Any CPU = Release|Any CPU
	EndGlobalSection
	GlobalSection(ProjectConfigurationPlatforms) = postSolution
		{967086B6-7D10-4FC5-948C-16EDFE5A6A7A}.Debug|Any CPU.ActiveCfg = Debug|Any CPU
		{967086B6-7D10-4FC5-948C-16EDFE5A6A7A}.Debug|Any CPU.Build.0 = Debug|Any CPU
		{967086B6-7D10-4FC5-948C-16EDFE5A6A7A}.Release|Any CPU.ActiveCfg = Release|Any CPU
		{967086B6-7D10-4FC5-948C-16EDFE5A6A7A}.Release|Any CPU.Build.0 = Release|Any CPU
		{A9C854DD-AF7A-45A3-B1D7-20AB11FAB3EA}.Debug|Any CPU.ActiveCfg = Debug|Any CPU
		{A9C854DD-AF7A-45A3-B1D7-20AB11FAB3EA}.Debug|Any CPU.Build.0 = Debug|Any CPU
		{A9C854DD-AF7A-45A3-B1D7-20AB11FAB3EA}.Release|Any CPU.ActiveCfg = Release|Any CPU
		{A9C854DD-AF7A-45A3-B1D7-20AB11FAB3EA}.Release|Any CPU.Build.0 = Release|Any CPU
		{ABC687C8-9E91-421B-813C-95DE56178997}.Debug|Any CPU.ActiveCfg = Debug|Any CPU
		{ABC687C8-9E91-421B-813C-95DE56178997}.Debug|Any CPU.Build.0 = Debug|Any CPU
		{ABC687C8-9E91-421B-813C-95DE56178997}.Release|Any CPU.ActiveCfg = Release|Any CPU
		{ABC687C8-9E91-421B-813C-95DE56178997}.Release|Any CPU.Build.0 = Release|Any CPU
	EndGlobalSection
	GlobalSection(SolutionProperties) = preSolution
		HideSolutionNode = FALSE
	EndGlobalSection
	GlobalSection(ExtensibilityGlobals) = postSolution
		SolutionGuid = {7A4469A8-A9C7-48F4-A53E-2005C3A376E3}
	EndGlobalSection
EndGlobal
